
Microsoft Visual Studio Solution File, Format Version 12.00
# Visual Studio Version 17
VisualStudioVersion = 17.3.32922.545
MinimumVisualStudioVersion = 10.0.40219.1
Project("{9A19103F-16F7-4668-BE54-9A1E7A4F7556}") = "BlazorGasAndWaterSupply", "BlazorGasAndWaterSupply\BlazorGasAndWaterSupply.csproj", "{C132F9F5-0357-4830-A63E-C369AA01C28B}"
EndProject
Project("{FAE04EC0-301F-11D3-BF4B-00C04F79EFBC}") = "WpfChatCustomer", "WpfChatCustomer\WpfChatCustomer.csproj", "{3D71581C-407B-47AD-B77D-07EBF1BFEDAC}"
EndProject
Global
	GlobalSection(SolutionConfigurationPlatforms) = preSolution
		Debug|Any CPU = Debug|Any CPU
		Release|Any CPU = Release|Any CPU
	EndGlobalSection
	GlobalSection(ProjectConfigurationPlatforms) = postSolution
		{C132F9F5-0357-4830-A63E-C369AA01C28B}.Debug|Any CPU.ActiveCfg = Debug|Any CPU
		{C132F9F5-0357-4830-A63E-C369AA01C28B}.Debug|Any CPU.Build.0 = Debug|Any CPU
		{C132F9F5-0357-4830-A63E-C369AA01C28B}.Release|Any CPU.ActiveCfg = Release|Any CPU
		{C132F9F5-0357-4830-A63E-C369AA01C28B}.Release|Any CPU.Build.0 = Release|Any CPU
		{3D71581C-407B-47AD-B77D-07EBF1BFEDAC}.Debug|Any CPU.ActiveCfg = Debug|Any CPU
		{3D71581C-407B-47AD-B77D-07EBF1BFEDAC}.Debug|Any CPU.Build.0 = Debug|Any CPU
		{3D71581C-407B-47AD-B77D-07EBF1BFEDAC}.Release|Any CPU.ActiveCfg = Release|Any CPU
		{3D71581C-407B-47AD-B77D-07EBF1BFEDAC}.Release|Any CPU.Build.0 = Release|Any CPU
	EndGlobalSection
	GlobalSection(SolutionProperties) = preSolution
		HideSolutionNode = FALSE
	EndGlobalSection
	GlobalSection(ExtensibilityGlobals) = postSolution
		SolutionGuid = {82BAABC7-D6EE-4C49-8084-D0FDF0CB99E9}
	EndGlobalSection
EndGlobal
